// !$*UTF8*$!
{
	archiveVersion = 1;
	classes = {
	};
	objectVersion = 46;
	objects = {

/* Begin PBXBuildFile section */
		440D29201F96DE6F00D2D0D9 /* AppDelegate.swift in Sources */ = {isa = PBXBuildFile; fileRef = 440D291F1F96DE6F00D2D0D9 /* AppDelegate.swift */; };
		440D29221F96DE6F00D2D0D9 /* ViewController.swift in Sources */ = {isa = PBXBuildFile; fileRef = 440D29211F96DE6F00D2D0D9 /* ViewController.swift */; };
		440D29251F96DE6F00D2D0D9 /* Main.storyboard in Resources */ = {isa = PBXBuildFile; fileRef = 440D29231F96DE6F00D2D0D9 /* Main.storyboard */; };
		440D29271F96DE6F00D2D0D9 /* Assets.xcassets in Resources */ = {isa = PBXBuildFile; fileRef = 440D29261F96DE6F00D2D0D9 /* Assets.xcassets */; };
		440D292A1F96DE6F00D2D0D9 /* LaunchScreen.storyboard in Resources */ = {isa = PBXBuildFile; fileRef = 440D29281F96DE6F00D2D0D9 /* LaunchScreen.storyboard */; };
		440D29351F96DE6F00D2D0D9 /* GitExampleTests.swift in Sources */ = {isa = PBXBuildFile; fileRef = 440D29341F96DE6F00D2D0D9 /* GitExampleTests.swift */; };
		440D29401F96DE6F00D2D0D9 /* GitExampleUITests.swift in Sources */ = {isa = PBXBuildFile; fileRef = 440D293F1F96DE6F00D2D0D9 /* GitExampleUITests.swift */; };
/* End PBXBuildFile section */

/* Begin PBXContainerItemProxy section */
		440D29311F96DE6F00D2D0D9 /* PBXContainerItemProxy */ = {
			isa = PBXContainerItemProxy;
			containerPortal = 440D29141F96DE6F00D2D0D9 /* Project object */;
			proxyType = 1;
			remoteGlobalIDString = 440D291B1F96DE6F00D2D0D9;
			remoteInfo = GitExample;
		};
		440D293C1F96DE6F00D2D0D9 /* PBXContainerItemProxy */ = {
			isa = PBXContainerItemProxy;
			containerPortal = 440D29141F96DE6F00D2D0D9 /* Project object */;
			proxyType = 1;
			remoteGlobalIDString = 440D291B1F96DE6F00D2D0D9;
			remoteInfo = GitExample;
		};
/* End PBXContainerItemProxy section */

/* Begin PBXFileReference section */
		440D291C1F96DE6F00D2D0D9 /* GitExample.app */ = {isa = PBXFileReference; explicitFileType = wrapper.application; includeInIndex = 0; path = GitExample.app; sourceTree = BUILT_PRODUCTS_DIR; };
		440D291F1F96DE6F00D2D0D9 /* AppDelegate.swift */ = {isa = PBXFileReference; lastKnownFileType = sourcecode.swift; path = AppDelegate.swift; sourceTree = "<group>"; };
		440D29211F96DE6F00D2D0D9 /* ViewController.swift */ = {isa = PBXFileReference; lastKnownFileType = sourcecode.swift; path = ViewController.swift; sourceTree = "<group>"; };
		440D29241F96DE6F00D2D0D9 /* Base */ = {isa = PBXFileReference; lastKnownFileType = file.storyboard; name = Base; path = Base.lproj/Main.storyboard; sourceTree = "<group>"; };
		440D29261F96DE6F00D2D0D9 /* Assets.xcassets */ = {isa = PBXFileReference; lastKnownFileType = folder.assetcatalog; path = Assets.xcassets; sourceTree = "<group>"; };
		440D29291F96DE6F00D2D0D9 /* Base */ = {isa = PBXFileReference; lastKnownFileType = file.storyboard; name = Base; path = Base.lproj/LaunchScreen.storyboard; sourceTree = "<group>"; };
		440D292B1F96DE6F00D2D0D9 /* Info.plist */ = {isa = PBXFileReference; lastKnownFileType = text.plist.xml; path = Info.plist; sourceTree = "<group>"; };
		440D29301F96DE6F00D2D0D9 /* GitExampleTests.xctest */ = {isa = PBXFileReference; explicitFileType = wrapper.cfbundle; includeInIndex = 0; path = GitExampleTests.xctest; sourceTree = BUILT_PRODUCTS_DIR; };
		440D29341F96DE6F00D2D0D9 /* GitExampleTests.swift */ = {isa = PBXFileReference; lastKnownFileType = sourcecode.swift; path = GitExampleTests.swift; sourceTree = "<group>"; };
		440D29361F96DE6F00D2D0D9 /* Info.plist */ = {isa = PBXFileReference; lastKnownFileType = text.plist.xml; path = Info.plist; sourceTree = "<group>"; };
		440D293B1F96DE6F00D2D0D9 /* GitExampleUITests.xctest */ = {isa = PBXFileReference; explicitFileType = wrapper.cfbundle; includeInIndex = 0; path = GitExampleUITests.xctest; sourceTree = BUILT_PRODUCTS_DIR; };
		440D293F1F96DE6F00D2D0D9 /* GitExampleUITests.swift */ = {isa = PBXFileReference; lastKnownFileType = sourcecode.swift; path = GitExampleUITests.swift; sourceTree = "<group>"; };
		440D29411F96DE6F00D2D0D9 /* Info.plist */ = {isa = PBXFileReference; lastKnownFileType = text.plist.xml; path = Info.plist; sourceTree = "<group>"; };
/* End PBXFileReference section */

/* Begin PBXFrameworksBuildPhase section */
		440D29191F96DE6F00D2D0D9 /* Frameworks */ = {
			isa = PBXFrameworksBuildPhase;
			buildActionMask = 2147483647;
			files = (
			);
			runOnlyForDeploymentPostprocessing = 0;
		};
		440D292D1F96DE6F00D2D0D9 /* Frameworks */ = {
			isa = PBXFrameworksBuildPhase;
			buildActionMask = 2147483647;
			files = (
			);
			runOnlyForDeploymentPostprocessing = 0;
		};
		440D29381F96DE6F00D2D0D9 /* Frameworks */ = {
			isa = PBXFrameworksBuildPhase;
			buildActionMask = 2147483647;
			files = (
			);
			runOnlyForDeploymentPostprocessing = 0;
		};
/* End PBXFrameworksBuildPhase section */

/* Begin PBXGroup section */
		440D29131F96DE6F00D2D0D9 = {
			isa = PBXGroup;
			children = (
				440D291E1F96DE6F00D2D0D9 /* GitExample */,
				440D29331F96DE6F00D2D0D9 /* GitExampleTests */,
				440D293E1F96DE6F00D2D0D9 /* GitExampleUITests */,
				440D291D1F96DE6F00D2D0D9 /* Products */,
			);
			sourceTree = "<group>";
		};
		440D291D1F96DE6F00D2D0D9 /* Products */ = {
			isa = PBXGroup;
			children = (
				440D291C1F96DE6F00D2D0D9 /* GitExample.app */,
				440D29301F96DE6F00D2D0D9 /* GitExampleTests.xctest */,
				440D293B1F96DE6F00D2D0D9 /* GitExampleUITests.xctest */,
			);
			name = Products;
			sourceTree = "<group>";
		};
		440D291E1F96DE6F00D2D0D9 /* GitExample */ = {
			isa = PBXGroup;
			children = (
				440D291F1F96DE6F00D2D0D9 /* AppDelegate.swift */,
				440D29211F96DE6F00D2D0D9 /* ViewController.swift */,
				440D29231F96DE6F00D2D0D9 /* Main.storyboard */,
				440D29261F96DE6F00D2D0D9 /* Assets.xcassets */,
				440D29281F96DE6F00D2D0D9 /* LaunchScreen.storyboard */,
				440D292B1F96DE6F00D2D0D9 /* Info.plist */,
			);
			path = GitExample;
			sourceTree = "<group>";
		};
		440D29331F96DE6F00D2D0D9 /* GitExampleTests */ = {
			isa = PBXGroup;
			children = (
				440D29341F96DE6F00D2D0D9 /* GitExampleTests.swift */,
				440D29361F96DE6F00D2D0D9 /* Info.plist */,
			);
			path = GitExampleTests;
			sourceTree = "<group>";
		};
		440D293E1F96DE6F00D2D0D9 /* GitExampleUITests */ = {
			isa = PBXGroup;
			children = (
				440D293F1F96DE6F00D2D0D9 /* GitExampleUITests.swift */,
				440D29411F96DE6F00D2D0D9 /* Info.plist */,
			);
			path = GitExampleUITests;
			sourceTree = "<group>";
		};
/* End PBXGroup section */

/* Begin PBXNativeTarget section */
		440D291B1F96DE6F00D2D0D9 /* GitExample */ = {
			isa = PBXNativeTarget;
			buildConfigurationList = 440D29441F96DE6F00D2D0D9 /* Build configuration list for PBXNativeTarget "GitExample" */;
			buildPhases = (
				440D29181F96DE6F00D2D0D9 /* Sources */,
				440D29191F96DE6F00D2D0D9 /* Frameworks */,
				440D291A1F96DE6F00D2D0D9 /* Resources */,
			);
			buildRules = (
			);
			dependencies = (
			);
			name = GitExample;
			productName = GitExample;
			productReference = 440D291C1F96DE6F00D2D0D9 /* GitExample.app */;
			productType = "com.apple.product-type.application";
		};
		440D292F1F96DE6F00D2D0D9 /* GitExampleTests */ = {
			isa = PBXNativeTarget;
			buildConfigurationList = 440D29471F96DE6F00D2D0D9 /* Build configuration list for PBXNativeTarget "GitExampleTests" */;
			buildPhases = (
				440D292C1F96DE6F00D2D0D9 /* Sources */,
				440D292D1F96DE6F00D2D0D9 /* Frameworks */,
				440D292E1F96DE6F00D2D0D9 /* Resources */,
			);
			buildRules = (
			);
			dependencies = (
				440D29321F96DE6F00D2D0D9 /* PBXTargetDependency */,
			);
			name = GitExampleTests;
			productName = GitExampleTests;
			productReference = 440D29301F96DE6F00D2D0D9 /* GitExampleTests.xctest */;
			productType = "com.apple.product-type.bundle.unit-test";
		};
		440D293A1F96DE6F00D2D0D9 /* GitExampleUITests */ = {
			isa = PBXNativeTarget;
			buildConfigurationList = 440D294A1F96DE6F00D2D0D9 /* Build configuration list for PBXNativeTarget "GitExampleUITests" */;
			buildPhases = (
				440D29371F96DE6F00D2D0D9 /* Sources */,
				440D29381F96DE6F00D2D0D9 /* Frameworks */,
				440D29391F96DE6F00D2D0D9 /* Resources */,
			);
			buildRules = (
			);
			dependencies = (
				440D293D1F96DE6F00D2D0D9 /* PBXTargetDependency */,
			);
			name = GitExampleUITests;
			productName = GitExampleUITests;
			productReference = 440D293B1F96DE6F00D2D0D9 /* GitExampleUITests.xctest */;
			productType = "com.apple.product-type.bundle.ui-testing";
		};
/* End PBXNativeTarget section */

/* Begin PBXProject section */
		440D29141F96DE6F00D2D0D9 /* Project object */ = {
			isa = PBXProject;
			attributes = {
				LastSwiftUpdateCheck = 0720;
				LastUpgradeCheck = 0720;
				ORGANIZATIONNAME = Megode;
				TargetAttributes = {
					440D291B1F96DE6F00D2D0D9 = {
						CreatedOnToolsVersion = 7.2;
					};
					440D292F1F96DE6F00D2D0D9 = {
						CreatedOnToolsVersion = 7.2;
						DevelopmentTeam = 3UVSDNWFL3;
						TestTargetID = 440D291B1F96DE6F00D2D0D9;
					};
					440D293A1F96DE6F00D2D0D9 = {
						CreatedOnToolsVersion = 7.2;
						DevelopmentTeam = 3UVSDNWFL3;
						TestTargetID = 440D291B1F96DE6F00D2D0D9;
					};
				};
			};
			buildConfigurationList = 440D29171F96DE6F00D2D0D9 /* Build configuration list for PBXProject "GitExample" */;
			compatibilityVersion = "Xcode 3.2";
			developmentRegion = English;
			hasScannedForEncodings = 0;
			knownRegions = (
				en,
				Base,
			);
			mainGroup = 440D29131F96DE6F00D2D0D9;
			productRefGroup = 440D291D1F96DE6F00D2D0D9 /* Products */;
			projectDirPath = "";
			projectRoot = "";
			targets = (
				440D291B1F96DE6F00D2D0D9 /* GitExample */,
				440D292F1F96DE6F00D2D0D9 /* GitExampleTests */,
				440D293A1F96DE6F00D2D0D9 /* GitExampleUITests */,
			);
		};
/* End PBXProject section */

/* Begin PBXResourcesBuildPhase section */
		440D291A1F96DE6F00D2D0D9 /* Resources */ = {
			isa = PBXResourcesBuildPhase;
			buildActionMask = 2147483647;
			files = (
				440D292A1F96DE6F00D2D0D9 /* LaunchScreen.storyboard in Resources */,
				440D29271F96DE6F00D2D0D9 /* Assets.xcassets in Resources */,
				440D29251F96DE6F00D2D0D9 /* Main.storyboard in Resources */,
			);
			runOnlyForDeploymentPostprocessing = 0;
		};
		440D292E1F96DE6F00D2D0D9 /* Resources */ = {
			isa = PBXResourcesBuildPhase;
			buildActionMask = 2147483647;
			files = (
			);
			runOnlyForDeploymentPostprocessing = 0;
		};
		440D29391F96DE6F00D2D0D9 /* Resources */ = {
			isa = PBXResourcesBuildPhase;
			buildActionMask = 2147483647;
			files = (
			);
			runOnlyForDeploymentPostprocessing = 0;
		};
/* End PBXResourcesBuildPhase section */

/* Begin PBXSourcesBuildPhase section */
		440D29181F96DE6F00D2D0D9 /* Sources */ = {
			isa = PBXSourcesBuildPhase;
			buildActionMask = 2147483647;
			files = (
				440D29221F96DE6F00D2D0D9 /* ViewController.swift in Sources */,
				440D29201F96DE6F00D2D0D9 /* AppDelegate.swift in Sources */,
			);
			runOnlyForDeploymentPostprocessing = 0;
		};
		440D292C1F96DE6F00D2D0D9 /* Sources */ = {
			isa = PBXSourcesBuildPhase;
			buildActionMask = 2147483647;
			files = (
				440D29351F96DE6F00D2D0D9 /* GitExampleTests.swift in Sources */,
			);
			runOnlyForDeploymentPostprocessing = 0;
		};
		440D29371F96DE6F00D2D0D9 /* Sources */ = {
			isa = PBXSourcesBuildPhase;
			buildActionMask = 2147483647;
			files = (
				440D29401F96DE6F00D2D0D9 /* GitExampleUITests.swift in Sources */,
			);
			runOnlyForDeploymentPostprocessing = 0;
		};
/* End PBXSourcesBuildPhase section */

/* Begin PBXTargetDependency section */
		440D29321F96DE6F00D2D0D9 /* PBXTargetDependency */ = {
			isa = PBXTargetDependency;
			target = 440D291B1F96DE6F00D2D0D9 /* GitExample */;
			targetProxy = 440D29311F96DE6F00D2D0D9 /* PBXContainerItemProxy */;
		};
		440D293D1F96DE6F00D2D0D9 /* PBXTargetDependency */ = {
			isa = PBXTargetDependency;
			target = 440D291B1F96DE6F00D2D0D9 /* GitExample */;
			targetProxy = 440D293C1F96DE6F00D2D0D9 /* PBXContainerItemProxy */;
		};
/* End PBXTargetDependency section */

/* Begin PBXVariantGroup section */
		440D29231F96DE6F00D2D0D9 /* Main.storyboard */ = {
			isa = PBXVariantGroup;
			children = (
				440D29241F96DE6F00D2D0D9 /* Base */,
			);
			name = Main.storyboard;
			sourceTree = "<group>";
		};
		440D29281F96DE6F00D2D0D9 /* LaunchScreen.storyboard */ = {
			isa = PBXVariantGroup;
			children = (
				440D29291F96DE6F00D2D0D9 /* Base */,
			);
			name = LaunchScreen.storyboard;
			sourceTree = "<group>";
		};
/* End PBXVariantGroup section */

/* Begin XCBuildConfiguration section */
		440D29421F96DE6F00D2D0D9 /* Debug */ = {
			isa = XCBuildConfiguration;
			buildSettings = {
				ALWAYS_SEARCH_USER_PATHS = NO;
				CLANG_CXX_LANGUAGE_STANDARD = "gnu++0x";
				CLANG_CXX_LIBRARY = "libc++";
				CLANG_ENABLE_MODULES = YES;
				CLANG_ENABLE_OBJC_ARC = YES;
				CLANG_WARN_BOOL_CONVERSION = YES;
				CLANG_WARN_CONSTANT_CONVERSION = YES;
				CLANG_WARN_DIRECT_OBJC_ISA_USAGE = YES_ERROR;
				CLANG_WARN_EMPTY_BODY = YES;
				CLANG_WARN_ENUM_CONVERSION = YES;
				CLANG_WARN_INT_CONVERSION = YES;
				CLANG_WARN_OBJC_ROOT_CLASS = YES_ERROR;
				CLANG_WARN_UNREACHABLE_CODE = YES;
				CLANG_WARN__DUPLICATE_METHOD_MATCH = YES;
				"CODE_SIGN_IDENTITY[sdk=iphoneos*]" = "iPhone Developer";
				COPY_PHASE_STRIP = NO;
				DEBUG_INFORMATION_FORMAT = dwarf;
				ENABLE_STRICT_OBJC_MSGSEND = YES;
				ENABLE_TESTABILITY = YES;
				GCC_C_LANGUAGE_STANDARD = gnu99;
				GCC_DYNAMIC_NO_PIC = NO;
				GCC_NO_COMMON_BLOCKS = YES;
				GCC_OPTIMIZATION_LEVEL = 0;
				GCC_PREPROCESSOR_DEFINITIONS = (
					"DEBUG=1",
					"$(inherited)",
				);
				GCC_WARN_64_TO_32_BIT_CONVERSION = YES;
				GCC_WARN_ABOUT_RETURN_TYPE = YES_ERROR;
				GCC_WARN_UNDECLARED_SELECTOR = YES;
				GCC_WARN_UNINITIALIZED_AUTOS = YES_AGGRESSIVE;
				GCC_WARN_UNUSED_FUNCTION = YES;
				GCC_WARN_UNUSED_VARIABLE = YES;
				IPHONEOS_DEPLOYMENT_TARGET = 9.2;
				MTL_ENABLE_DEBUG_INFO = YES;
				ONLY_ACTIVE_ARCH = YES;
				SDKROOT = iphoneos;
				SWIFT_OPTIMIZATION_LEVEL = "-Onone";
				TARGETED_DEVICE_FAMILY = "1,2";
			};
			name = Debug;
		};
		440D29431F96DE6F00D2D0D9 /* Release */ = {
			isa = XCBuildConfiguration;
			buildSettings = {
				ALWAYS_SEARCH_USER_PATHS = NO;
				CLANG_CXX_LANGUAGE_STANDARD = "gnu++0x";
				CLANG_CXX_LIBRARY = "libc++";
				CLANG_ENABLE_MODULES = YES;
				CLANG_ENABLE_OBJC_ARC = YES;
				CLANG_WARN_BOOL_CONVERSION = YES;
				CLANG_WARN_CONSTANT_CONVERSION = YES;
				CLANG_WARN_DIRECT_OBJC_ISA_USAGE = YES_ERROR;
				CLANG_WARN_EMPTY_BODY = YES;
				CLANG_WARN_ENUM_CONVERSION = YES;
				CLANG_WARN_INT_CONVERSION = YES;
				CLANG_WARN_OBJC_ROOT_CLASS = YES_ERROR;
				CLANG_WARN_UNREACHABLE_CODE = YES;
				CLANG_WARN__DUPLICATE_METHOD_MATCH = YES;
				"CODE_SIGN_IDENTITY[sdk=iphoneos*]" = "iPhone Developer";
				COPY_PHASE_STRIP = NO;
				DEBUG_INFORMATION_FORMAT = "dwarf-with-dsym";
				ENABLE_NS_ASSERTIONS = NO;
				ENABLE_STRICT_OBJC_MSGSEND = YES;
				GCC_C_LANGUAGE_STANDARD = gnu99;
				GCC_NO_COMMON_BLOCKS = YES;
				GCC_WARN_64_TO_32_BIT_CONVERSION = YES;
				GCC_WARN_ABOUT_RETURN_TYPE = YES_ERROR;
				GCC_WARN_UNDECLARED_SELECTOR = YES;
				GCC_WARN_UNINITIALIZED_AUTOS = YES_AGGRESSIVE;
				GCC_WARN_UNUSED_FUNCTION = YES;
				GCC_WARN_UNUSED_VARIABLE = YES;
				IPHONEOS_DEPLOYMENT_TARGET = 9.2;
				MTL_ENABLE_DEBUG_INFO = NO;
				SDKROOT = iphoneos;
				TARGETED_DEVICE_FAMILY = "1,2";
				VALIDATE_PRODUCT = YES;
			};
			name = Release;
		};
		440D29451F96DE6F00D2D0D9 /* Debug */ = {
			isa = XCBuildConfiguration;
			buildSettings = {
				ASSETCATALOG_COMPILER_APPICON_NAME = AppIcon;
				CODE_SIGN_IDENTITY = "iPhone Developer";
				INFOPLIST_FILE = GitExample/Info.plist;
				LD_RUNPATH_SEARCH_PATHS = "$(inherited) @executable_path/Frameworks";
				PRODUCT_BUNDLE_IDENTIFIER = com.megode.GitExample;
				PRODUCT_NAME = "$(TARGET_NAME)";
			};
			name = Debug;
		};
		440D29461F96DE6F00D2D0D9 /* Release */ = {
			isa = XCBuildConfiguration;
			buildSettings = {
				ASSETCATALOG_COMPILER_APPICON_NAME = AppIcon;
				CODE_SIGN_IDENTITY = "iPhone Developer";
				INFOPLIST_FILE = GitExample/Info.plist;
				LD_RUNPATH_SEARCH_PATHS = "$(inherited) @executable_path/Frameworks";
				PRODUCT_BUNDLE_IDENTIFIER = com.megode.GitExample;
				PRODUCT_NAME = "$(TARGET_NAME)";
			};
			name = Release;
		};
		440D29481F96DE6F00D2D0D9 /* Debug */ = {
			isa = XCBuildConfiguration;
			buildSettings = {
				BUNDLE_LOADER = "$(TEST_HOST)";
				INFOPLIST_FILE = GitExampleTests/Info.plist;
				LD_RUNPATH_SEARCH_PATHS = "$(inherited) @executable_path/Frameworks @loader_path/Frameworks";
				PRODUCT_BUNDLE_IDENTIFIER = com.megode.GitExampleTests;
				PRODUCT_NAME = "$(TARGET_NAME)";
				TEST_HOST = "$(BUILT_PRODUCTS_DIR)/GitExample.app/GitExample";
			};
			name = Debug;
		};
		440D29491F96DE6F00D2D0D9 /* Release */ = {
			isa = XCBuildConfiguration;
			buildSettings = {
				BUNDLE_LOADER = "$(TEST_HOST)";
				INFOPLIST_FILE = GitExampleTests/Info.plist;
				LD_RUNPATH_SEARCH_PATHS = "$(inherited) @executable_path/Frameworks @loader_path/Frameworks";
				PRODUCT_BUNDLE_IDENTIFIER = com.megode.GitExampleTests;
				PRODUCT_NAME = "$(TARGET_NAME)";
				TEST_HOST = "$(BUILT_PRODUCTS_DIR)/GitExample.app/GitExample";
			};
			name = Release;
		};
		440D294B1F96DE6F00D2D0D9 /* Debug */ = {
			isa = XCBuildConfiguration;
			buildSettings = {
				INFOPLIST_FILE = GitExampleUITests/Info.plist;
				LD_RUNPATH_SEARCH_PATHS = "$(inherited) @executable_path/Frameworks @loader_path/Frameworks";
				PRODUCT_BUNDLE_IDENTIFIER = com.megode.GitExampleUITests;
				PRODUCT_NAME = "$(TARGET_NAME)";
				TEST_TARGET_NAME = GitExample;
				USES_XCTRUNNER = YES;
			};
			name = Debug;
		};
		440D294C1F96DE6F00D2D0D9 /* Release */ = {
			isa = XCBuildConfiguration;
			buildSettings = {
				INFOPLIST_FILE = GitExampleUITests/Info.plist;
				LD_RUNPATH_SEARCH_PATHS = "$(inherited) @executable_path/Frameworks @loader_path/Frameworks";
				PRODUCT_BUNDLE_IDENTIFIER = com.megode.GitExampleUITests;
				PRODUCT_NAME = "$(TARGET_NAME)";
				TEST_TARGET_NAME = GitExample;
				USES_XCTRUNNER = YES;
			};
			name = Release;
		};
/* End XCBuildConfiguration section */

/* Begin XCConfigurationList section */
		440D29171F96DE6F00D2D0D9 /* Build configuration list for PBXProject "GitExample" */ = {
			isa = XCConfigurationList;
			buildConfigurations = (
				440D29421F96DE6F00D2D0D9 /* Debug */,
				440D29431F96DE6F00D2D0D9 /* Release */,
			);
			defaultConfigurationIsVisible = 0;
			defaultConfigurationName = Release;
		};
		440D29441F96DE6F00D2D0D9 /* Build configuration list for PBXNativeTarget "GitExample" */ = {
			isa = XCConfigurationList;
			buildConfigurations = (
				440D29451F96DE6F00D2D0D9 /* Debug */,
				440D29461F96DE6F00D2D0D9 /* Release */,
			);
			defaultConfigurationIsVisible = 0;
		};
		440D29471F96DE6F00D2D0D9 /* Build configuration list for PBXNativeTarget "GitExampleTests" */ = {
			isa = XCConfigurationList;
			buildConfigurations = (
				440D29481F96DE6F00D2D0D9 /* Debug */,
				440D29491F96DE6F00D2D0D9 /* Release */,
			);
			defaultConfigurationIsVisible = 0;
		};
		440D294A1F96DE6F00D2D0D9 /* Build configuration list for PBXNativeTarget "GitExampleUITests" */ = {
			isa = XCConfigurationList;
			buildConfigurations = (
				440D294B1F96DE6F00D2D0D9 /* Debug */,
				440D294C1F96DE6F00D2D0D9 /* Release */,
			);
			defaultConfigurationIsVisible = 0;
		};
/* End XCConfigurationList section */
	};
	rootObject = 440D29141F96DE6F00D2D0D9 /* Project object */;
}
